
Microsoft Visual Studio Solution File, Format Version 12.00
# Visual Studio Version 17
VisualStudioVersion = 17.7.34031.279
MinimumVisualStudioVersion = 10.0.40219.1
Project("{FAE04EC0-301F-11D3-BF4B-00C04F79EFBC}") = "WpfPractices", "WpfPractices\WpfPractices.csproj", "{F807DAEA-9C5C-4152-B3FC-D5E06889D3D1}"
EndProject
Global
	GlobalSection(SolutionConfigurationPlatforms) = preSolution
		Debug|Any CPU = Debug|Any CPU
		Release|Any CPU = Release|Any CPU
	EndGlobalSection
	GlobalSection(ProjectConfigurationPlatforms) = postSolution
		{F807DAEA-9C5C-4152-B3FC-D5E06889D3D1}.Debug|Any CPU.ActiveCfg = Debug|Any CPU
		{F807DAEA-9C5C-4152-B3FC-D5E06889D3D1}.Debug|Any CPU.Build.0 = Debug|Any CPU
		{F807DAEA-9C5C-4152-B3FC-D5E06889D3D1}.Release|Any CPU.ActiveCfg = Release|Any CPU
		{F807DAEA-9C5C-4152-B3FC-D5E06889D3D1}.Release|Any CPU.Build.0 = Release|Any CPU
	EndGlobalSection
	GlobalSection(SolutionProperties) = preSolution
		HideSolutionNode = FALSE
	EndGlobalSection
	GlobalSection(ExtensibilityGlobals) = postSolution
		SolutionGuid = {DE7AA8E7-2054-4F5A-B455-1A0C5B7A613F}
	EndGlobalSection
EndGlobal
